# This file is automatically @generated by Cargo.
# It is not intended for manual editing.
version = 4

[[package]]
name = "omni-cli"
version = "0.1.0"
dependencies = [
 "omni-compiler",
 "omni-vm",
]

[[package]]
name = "omni-compiler"
version = "0.1.0"

[[package]]
name = "omni-vm"
version = "0.1.0"
dependencies = [
 "omni-compiler",
]
